
Microsoft Visual Studio Solution File, Format Version 12.00
# Visual Studio Version 16
VisualStudioVersion = 16.0.30503.244
MinimumVisualStudioVersion = 10.0.40219.1
Project("{9A19103F-16F7-4668-BE54-9A1E7A4F7556}") = "ATM", "ATM\ATM.csproj", "{CC506ACD-ABCF-49C2-89CF-91ED4AF7292A}"
EndProject
Project("{9A19103F-16F7-4668-BE54-9A1E7A4F7556}") = "ATM_VIEW", "ATM_VIEW\ATM_VIEW.csproj", "{C81E8511-7DB5-4462-B80C-8BA4CA97139F}"
EndProject
Project("{9A19103F-16F7-4668-BE54-9A1E7A4F7556}") = "ATM_BLL", "ATM_BLL\ATM_BLL.csproj", "{7C17F622-2230-43AF-A433-6ABC7060ADF6}"
EndProject
Project("{9A19103F-16F7-4668-BE54-9A1E7A4F7556}") = "ATM_BO", "ATM_BO\ATM_BO.csproj", "{FDE15428-D93B-4E22-992A-EBC0748AC32A}"
EndProject
Project("{FAE04EC0-301F-11D3-BF4B-00C04F79EFBC}") = "ATM_DAL", "ATM_DAL\ATM_DAL.csproj", "{292FFAAB-43CD-445A-AA13-CDA765732605}"
EndProject
Global
	GlobalSection(SolutionConfigurationPlatforms) = preSolution
		Debug|Any CPU = Debug|Any CPU
		Release|Any CPU = Release|Any CPU
	EndGlobalSection
	GlobalSection(ProjectConfigurationPlatforms) = postSolution
		{CC506ACD-ABCF-49C2-89CF-91ED4AF7292A}.Debug|Any CPU.ActiveCfg = Debug|Any CPU
		{CC506ACD-ABCF-49C2-89CF-91ED4AF7292A}.Debug|Any CPU.Build.0 = Debug|Any CPU
		{CC506ACD-ABCF-49C2-89CF-91ED4AF7292A}.Release|Any CPU.ActiveCfg = Release|Any CPU
		{CC506ACD-ABCF-49C2-89CF-91ED4AF7292A}.Release|Any CPU.Build.0 = Release|Any CPU
		{C81E8511-7DB5-4462-B80C-8BA4CA97139F}.Debug|Any CPU.ActiveCfg = Debug|Any CPU
		{C81E8511-7DB5-4462-B80C-8BA4CA97139F}.Debug|Any CPU.Build.0 = Debug|Any CPU
		{C81E8511-7DB5-4462-B80C-8BA4CA97139F}.Release|Any CPU.ActiveCfg = Release|Any CPU
		{C81E8511-7DB5-4462-B80C-8BA4CA97139F}.Release|Any CPU.Build.0 = Release|Any CPU
		{7C17F622-2230-43AF-A433-6ABC7060ADF6}.Debug|Any CPU.ActiveCfg = Debug|Any CPU
		{7C17F622-2230-43AF-A433-6ABC7060ADF6}.Debug|Any CPU.Build.0 = Debug|Any CPU
		{7C17F622-2230-43AF-A433-6ABC7060ADF6}.Release|Any CPU.ActiveCfg = Release|Any CPU
		{7C17F622-2230-43AF-A433-6ABC7060ADF6}.Release|Any CPU.Build.0 = Release|Any CPU
		{FDE15428-D93B-4E22-992A-EBC0748AC32A}.Debug|Any CPU.ActiveCfg = Debug|Any CPU
		{FDE15428-D93B-4E22-992A-EBC0748AC32A}.Debug|Any CPU.Build.0 = Debug|Any CPU
		{FDE15428-D93B-4E22-992A-EBC0748AC32A}.Release|Any CPU.ActiveCfg = Release|Any CPU
		{FDE15428-D93B-4E22-992A-EBC0748AC32A}.Release|Any CPU.Build.0 = Release|Any CPU
		{292FFAAB-43CD-445A-AA13-CDA765732605}.Debug|Any CPU.ActiveCfg = Debug|Any CPU
		{292FFAAB-43CD-445A-AA13-CDA765732605}.Debug|Any CPU.Build.0 = Debug|Any CPU
		{292FFAAB-43CD-445A-AA13-CDA765732605}.Release|Any CPU.ActiveCfg = Release|Any CPU
		{292FFAAB-43CD-445A-AA13-CDA765732605}.Release|Any CPU.Build.0 = Release|Any CPU
	EndGlobalSection
	GlobalSection(SolutionProperties) = preSolution
		HideSolutionNode = FALSE
	EndGlobalSection
	GlobalSection(ExtensibilityGlobals) = postSolution
		SolutionGuid = {1EBF242F-F41D-41BE-8F2F-B5DD367C167D}
	EndGlobalSection
EndGlobal
